
Microsoft Visual Studio Solution File, Format Version 12.00
# Visual Studio Version 16
VisualStudioVersion = 25.0.1703.2
MinimumVisualStudioVersion = 10.0.40219.1
Project("{FAE04EC0-301F-11D3-BF4B-00C04F79EFBC}") = "ProductionCode", "ProductionCode\ProductionCode.csproj", "{54D09512-77F7-431B-ACFA-E330DF15DEC0}"
EndProject
Project("{FAE04EC0-301F-11D3-BF4B-00C04F79EFBC}") = "UnitTest", "UnitTest\UnitTest.csproj", "{27AF19A4-275E-4F56-8BC9-6AB324A7C338}"
EndProject
Global
	GlobalSection(SolutionConfigurationPlatforms) = preSolution
		Debug|Any CPU = Debug|Any CPU
		Release|Any CPU = Release|Any CPU
	EndGlobalSection
	GlobalSection(ProjectConfigurationPlatforms) = postSolution
		{54D09512-77F7-431B-ACFA-E330DF15DEC0}.Debug|Any CPU.ActiveCfg = Debug|Any CPU
		{54D09512-77F7-431B-ACFA-E330DF15DEC0}.Debug|Any CPU.Build.0 = Debug|Any CPU
		{54D09512-77F7-431B-ACFA-E330DF15DEC0}.Release|Any CPU.ActiveCfg = Release|Any CPU
		{54D09512-77F7-431B-ACFA-E330DF15DEC0}.Release|Any CPU.Build.0 = Release|Any CPU
		{27AF19A4-275E-4F56-8BC9-6AB324A7C338}.Debug|Any CPU.ActiveCfg = Debug|Any CPU
		{27AF19A4-275E-4F56-8BC9-6AB324A7C338}.Debug|Any CPU.Build.0 = Debug|Any CPU
		{27AF19A4-275E-4F56-8BC9-6AB324A7C338}.Release|Any CPU.ActiveCfg = Release|Any CPU
		{27AF19A4-275E-4F56-8BC9-6AB324A7C338}.Release|Any CPU.Build.0 = Release|Any CPU
	EndGlobalSection
	GlobalSection(SolutionProperties) = preSolution
		HideSolutionNode = FALSE
	EndGlobalSection
	GlobalSection(ExtensibilityGlobals) = postSolution
		SolutionGuid = {6A243FBE-0041-4752-8335-E468927237D3}
	EndGlobalSection
EndGlobal
